
Microsoft Visual Studio Solution File, Format Version 12.00
# Visual Studio 2013
VisualStudioVersion = 12.0.21005.1
MinimumVisualStudioVersion = 10.0.40219.1
Project("{8BC9CEB8-8B4A-11D0-8D11-00A0C91BC942}") = "Embedding", "MultiChannelEmbedding\MultiChannelEmbedding.vcxproj", "{3A03DF5C-4B95-4B56-877A-EE021EAF207D}"
EndProject
Global
	GlobalSection(SolutionConfigurationPlatforms) = preSolution
		CUDA|Win32 = CUDA|Win32
		CUDA|x64 = CUDA|x64
		Debug|Win32 = Debug|Win32
		Debug|x64 = Debug|x64
		Python|Win32 = Python|Win32
		Python|x64 = Python|x64
		Release|Win32 = Release|Win32
		Release|x64 = Release|x64
		Run|Win32 = Run|Win32
		Run|x64 = Run|x64
	EndGlobalSection
	GlobalSection(ProjectConfigurationPlatforms) = postSolution
		{3A03DF5C-4B95-4B56-877A-EE021EAF207D}.CUDA|Win32.ActiveCfg = CUDA|Win32
		{3A03DF5C-4B95-4B56-877A-EE021EAF207D}.CUDA|Win32.Build.0 = CUDA|Win32
		{3A03DF5C-4B95-4B56-877A-EE021EAF207D}.CUDA|x64.ActiveCfg = CUDA|x64
		{3A03DF5C-4B95-4B56-877A-EE021EAF207D}.CUDA|x64.Build.0 = CUDA|x64
		{3A03DF5C-4B95-4B56-877A-EE021EAF207D}.Debug|Win32.ActiveCfg = Debug|Win32
		{3A03DF5C-4B95-4B56-877A-EE021EAF207D}.Debug|Win32.Build.0 = Debug|Win32
		{3A03DF5C-4B95-4B56-877A-EE021EAF207D}.Debug|x64.ActiveCfg = Debug|x64
		{3A03DF5C-4B95-4B56-877A-EE021EAF207D}.Debug|x64.Build.0 = Debug|x64
		{3A03DF5C-4B95-4B56-877A-EE021EAF207D}.Python|Win32.ActiveCfg = Python|Win32
		{3A03DF5C-4B95-4B56-877A-EE021EAF207D}.Python|Win32.Build.0 = Python|Win32
		{3A03DF5C-4B95-4B56-877A-EE021EAF207D}.Python|x64.ActiveCfg = Python|x64
		{3A03DF5C-4B95-4B56-877A-EE021EAF207D}.Python|x64.Build.0 = Python|x64
		{3A03DF5C-4B95-4B56-877A-EE021EAF207D}.Release|Win32.ActiveCfg = Release|Win32
		{3A03DF5C-4B95-4B56-877A-EE021EAF207D}.Release|Win32.Build.0 = Release|Win32
		{3A03DF5C-4B95-4B56-877A-EE021EAF207D}.Release|x64.ActiveCfg = Release|x64
		{3A03DF5C-4B95-4B56-877A-EE021EAF207D}.Release|x64.Build.0 = Release|x64
		{3A03DF5C-4B95-4B56-877A-EE021EAF207D}.Run|Win32.ActiveCfg = Run|ARM
		{3A03DF5C-4B95-4B56-877A-EE021EAF207D}.Run|Win32.Build.0 = Run|Win32
		{3A03DF5C-4B95-4B56-877A-EE021EAF207D}.Run|x64.ActiveCfg = Run|x64
		{3A03DF5C-4B95-4B56-877A-EE021EAF207D}.Run|x64.Build.0 = Run|x64
	EndGlobalSection
	GlobalSection(SolutionProperties) = preSolution
		HideSolutionNode = FALSE
	EndGlobalSection
EndGlobal
